
Microsoft Visual Studio Solution File, Format Version 12.00
# Visual Studio Version 16
VisualStudioVersion = 16.0.31410.357
MinimumVisualStudioVersion = 10.0.40219.1
Project("{FAE04EC0-301F-11D3-BF4B-00C04F79EFBC}") = "StokKontrolüü", "StokKontrolüü\StokKontrolüü.csproj", "{8F61B71C-8853-4C68-9726-F1787A73E590}"
EndProject
Global
	GlobalSection(SolutionConfigurationPlatforms) = preSolution
		Debug|Any CPU = Debug|Any CPU
		Release|Any CPU = Release|Any CPU
	EndGlobalSection
	GlobalSection(ProjectConfigurationPlatforms) = postSolution
		{8F61B71C-8853-4C68-9726-F1787A73E590}.Debug|Any CPU.ActiveCfg = Debug|Any CPU
		{8F61B71C-8853-4C68-9726-F1787A73E590}.Debug|Any CPU.Build.0 = Debug|Any CPU
		{8F61B71C-8853-4C68-9726-F1787A73E590}.Release|Any CPU.ActiveCfg = Release|Any CPU
		{8F61B71C-8853-4C68-9726-F1787A73E590}.Release|Any CPU.Build.0 = Release|Any CPU
	EndGlobalSection
	GlobalSection(SolutionProperties) = preSolution
		HideSolutionNode = FALSE
	EndGlobalSection
	GlobalSection(ExtensibilityGlobals) = postSolution
		SolutionGuid = {96AB6DBD-A975-494D-8376-E58DA2D4C270}
	EndGlobalSection
EndGlobal
